
Microsoft Visual Studio Solution File, Format Version 12.00
# Visual Studio Version 17
VisualStudioVersion = 17.14.36414.22 d17.14
MinimumVisualStudioVersion = 10.0.40219.1
Project("{FAE04EC0-301F-11D3-BF4B-00C04F79EFBC}") = "1.BuatProgramYangMenerimaSebuahBilangandaMenampilkan_GENAP_atau_GANJIL", "1.BuatProgramYangMenerimaSebuahBilangandaMenampilkan_GENAP_atau_GANJIL.csproj", "{0C231419-E54D-432F-B67E-A306F95F99E5}"
EndProject
Global
	GlobalSection(SolutionConfigurationPlatforms) = preSolution
		Debug|Any CPU = Debug|Any CPU
		Release|Any CPU = Release|Any CPU
	EndGlobalSection
	GlobalSection(ProjectConfigurationPlatforms) = postSolution
		{0C231419-E54D-432F-B67E-A306F95F99E5}.Debug|Any CPU.ActiveCfg = Debug|Any CPU
		{0C231419-E54D-432F-B67E-A306F95F99E5}.Debug|Any CPU.Build.0 = Debug|Any CPU
		{0C231419-E54D-432F-B67E-A306F95F99E5}.Release|Any CPU.ActiveCfg = Release|Any CPU
		{0C231419-E54D-432F-B67E-A306F95F99E5}.Release|Any CPU.Build.0 = Release|Any CPU
	EndGlobalSection
	GlobalSection(SolutionProperties) = preSolution
		HideSolutionNode = FALSE
	EndGlobalSection
	GlobalSection(ExtensibilityGlobals) = postSolution
		SolutionGuid = {B4147B5A-C84D-433E-8D7F-6B9653029D31}
	EndGlobalSection
EndGlobal
