
Microsoft Visual Studio Solution File, Format Version 12.00
# Visual Studio Version 17
VisualStudioVersion = 17.14.36414.22 d17.14
MinimumVisualStudioVersion = 10.0.40219.1
Project("{FAE04EC0-301F-11D3-BF4B-00C04F79EFBC}") = "Praktik_1-BILANGAN_POSITIF_NEGATIF_ATAU-NOL", "Praktik_1-BILANGAN_POSITIF_NEGATIF_ATAU-NOL.csproj", "{393FF088-6022-44CE-8C50-41FCCF91F49B}"
EndProject
Global
	GlobalSection(SolutionConfigurationPlatforms) = preSolution
		Debug|Any CPU = Debug|Any CPU
		Release|Any CPU = Release|Any CPU
	EndGlobalSection
	GlobalSection(ProjectConfigurationPlatforms) = postSolution
		{393FF088-6022-44CE-8C50-41FCCF91F49B}.Debug|Any CPU.ActiveCfg = Debug|Any CPU
		{393FF088-6022-44CE-8C50-41FCCF91F49B}.Debug|Any CPU.Build.0 = Debug|Any CPU
		{393FF088-6022-44CE-8C50-41FCCF91F49B}.Release|Any CPU.ActiveCfg = Release|Any CPU
		{393FF088-6022-44CE-8C50-41FCCF91F49B}.Release|Any CPU.Build.0 = Release|Any CPU
	EndGlobalSection
	GlobalSection(SolutionProperties) = preSolution
		HideSolutionNode = FALSE
	EndGlobalSection
	GlobalSection(ExtensibilityGlobals) = postSolution
		SolutionGuid = {B1975AA2-E7AC-4358-8FDC-1FD8D9F98B53}
	EndGlobalSection
EndGlobal
