
Microsoft Visual Studio Solution File, Format Version 12.00
# Visual Studio Version 17
VisualStudioVersion = 17.14.36414.22 d17.14
MinimumVisualStudioVersion = 10.0.40219.1
Project("{FAE04EC0-301F-11D3-BF4B-00C04F79EFBC}") = "Praktik-2_Program-Kelulusan_siswa", "Praktik-2_Program-Kelulusan_siswa.csproj", "{79F31331-B584-4A81-9D59-5DD5499D7BFC}"
EndProject
Global
	GlobalSection(SolutionConfigurationPlatforms) = preSolution
		Debug|Any CPU = Debug|Any CPU
		Release|Any CPU = Release|Any CPU
	EndGlobalSection
	GlobalSection(ProjectConfigurationPlatforms) = postSolution
		{79F31331-B584-4A81-9D59-5DD5499D7BFC}.Debug|Any CPU.ActiveCfg = Debug|Any CPU
		{79F31331-B584-4A81-9D59-5DD5499D7BFC}.Debug|Any CPU.Build.0 = Debug|Any CPU
		{79F31331-B584-4A81-9D59-5DD5499D7BFC}.Release|Any CPU.ActiveCfg = Release|Any CPU
		{79F31331-B584-4A81-9D59-5DD5499D7BFC}.Release|Any CPU.Build.0 = Release|Any CPU
	EndGlobalSection
	GlobalSection(SolutionProperties) = preSolution
		HideSolutionNode = FALSE
	EndGlobalSection
	GlobalSection(ExtensibilityGlobals) = postSolution
		SolutionGuid = {22F3815A-4AE6-4A78-A3DA-295826F7D1F7}
	EndGlobalSection
EndGlobal
